
Microsoft Visual Studio Solution File, Format Version 12.00
# Visual Studio Version 16
VisualStudioVersion = 16.0.30114.105
MinimumVisualStudioVersion = 10.0.40219.1
Project("{FAE04EC0-301F-11D3-BF4B-00C04F79EFBC}") = "API", "API\API.csproj", "{A58E43F3-DB2C-4F8B-BBB1-23A0AAE331A6}"
EndProject
Project("{FAE04EC0-301F-11D3-BF4B-00C04F79EFBC}") = "Core", "Core\Core.csproj", "{F31128FD-913D-481B-9670-D8A5724798F0}"
EndProject
Project("{FAE04EC0-301F-11D3-BF4B-00C04F79EFBC}") = "Infrastructure", "Infrastructure\Infrastructure.csproj", "{CD1246AF-777C-4EAB-922C-AA0E845890DE}"
EndProject
Global
	GlobalSection(SolutionConfigurationPlatforms) = preSolution
		Debug|Any CPU = Debug|Any CPU
		Debug|x64 = Debug|x64
		Debug|x86 = Debug|x86
		Release|Any CPU = Release|Any CPU
		Release|x64 = Release|x64
		Release|x86 = Release|x86
	EndGlobalSection
	GlobalSection(SolutionProperties) = preSolution
		HideSolutionNode = FALSE
	EndGlobalSection
	GlobalSection(ProjectConfigurationPlatforms) = postSolution
		{A58E43F3-DB2C-4F8B-BBB1-23A0AAE331A6}.Debug|Any CPU.ActiveCfg = Debug|Any CPU
		{A58E43F3-DB2C-4F8B-BBB1-23A0AAE331A6}.Debug|Any CPU.Build.0 = Debug|Any CPU
		{A58E43F3-DB2C-4F8B-BBB1-23A0AAE331A6}.Debug|x64.ActiveCfg = Debug|Any CPU
		{A58E43F3-DB2C-4F8B-BBB1-23A0AAE331A6}.Debug|x64.Build.0 = Debug|Any CPU
		{A58E43F3-DB2C-4F8B-BBB1-23A0AAE331A6}.Debug|x86.ActiveCfg = Debug|Any CPU
		{A58E43F3-DB2C-4F8B-BBB1-23A0AAE331A6}.Debug|x86.Build.0 = Debug|Any CPU
		{A58E43F3-DB2C-4F8B-BBB1-23A0AAE331A6}.Release|Any CPU.ActiveCfg = Release|Any CPU
		{A58E43F3-DB2C-4F8B-BBB1-23A0AAE331A6}.Release|Any CPU.Build.0 = Release|Any CPU
		{A58E43F3-DB2C-4F8B-BBB1-23A0AAE331A6}.Release|x64.ActiveCfg = Release|Any CPU
		{A58E43F3-DB2C-4F8B-BBB1-23A0AAE331A6}.Release|x64.Build.0 = Release|Any CPU
		{A58E43F3-DB2C-4F8B-BBB1-23A0AAE331A6}.Release|x86.ActiveCfg = Release|Any CPU
		{A58E43F3-DB2C-4F8B-BBB1-23A0AAE331A6}.Release|x86.Build.0 = Release|Any CPU
		{F31128FD-913D-481B-9670-D8A5724798F0}.Debug|Any CPU.ActiveCfg = Debug|Any CPU
		{F31128FD-913D-481B-9670-D8A5724798F0}.Debug|Any CPU.Build.0 = Debug|Any CPU
		{F31128FD-913D-481B-9670-D8A5724798F0}.Debug|x64.ActiveCfg = Debug|Any CPU
		{F31128FD-913D-481B-9670-D8A5724798F0}.Debug|x64.Build.0 = Debug|Any CPU
		{F31128FD-913D-481B-9670-D8A5724798F0}.Debug|x86.ActiveCfg = Debug|Any CPU
		{F31128FD-913D-481B-9670-D8A5724798F0}.Debug|x86.Build.0 = Debug|Any CPU
		{F31128FD-913D-481B-9670-D8A5724798F0}.Release|Any CPU.ActiveCfg = Release|Any CPU
		{F31128FD-913D-481B-9670-D8A5724798F0}.Release|Any CPU.Build.0 = Release|Any CPU
		{F31128FD-913D-481B-9670-D8A5724798F0}.Release|x64.ActiveCfg = Release|Any CPU
		{F31128FD-913D-481B-9670-D8A5724798F0}.Release|x64.Build.0 = Release|Any CPU
		{F31128FD-913D-481B-9670-D8A5724798F0}.Release|x86.ActiveCfg = Release|Any CPU
		{F31128FD-913D-481B-9670-D8A5724798F0}.Release|x86.Build.0 = Release|Any CPU
		{CD1246AF-777C-4EAB-922C-AA0E845890DE}.Debug|Any CPU.ActiveCfg = Debug|Any CPU
		{CD1246AF-777C-4EAB-922C-AA0E845890DE}.Debug|Any CPU.Build.0 = Debug|Any CPU
		{CD1246AF-777C-4EAB-922C-AA0E845890DE}.Debug|x64.ActiveCfg = Debug|Any CPU
		{CD1246AF-777C-4EAB-922C-AA0E845890DE}.Debug|x64.Build.0 = Debug|Any CPU
		{CD1246AF-777C-4EAB-922C-AA0E845890DE}.Debug|x86.ActiveCfg = Debug|Any CPU
		{CD1246AF-777C-4EAB-922C-AA0E845890DE}.Debug|x86.Build.0 = Debug|Any CPU
		{CD1246AF-777C-4EAB-922C-AA0E845890DE}.Release|Any CPU.ActiveCfg = Release|Any CPU
		{CD1246AF-777C-4EAB-922C-AA0E845890DE}.Release|Any CPU.Build.0 = Release|Any CPU
		{CD1246AF-777C-4EAB-922C-AA0E845890DE}.Release|x64.ActiveCfg = Release|Any CPU
		{CD1246AF-777C-4EAB-922C-AA0E845890DE}.Release|x64.Build.0 = Release|Any CPU
		{CD1246AF-777C-4EAB-922C-AA0E845890DE}.Release|x86.ActiveCfg = Release|Any CPU
		{CD1246AF-777C-4EAB-922C-AA0E845890DE}.Release|x86.Build.0 = Release|Any CPU
	EndGlobalSection
EndGlobal
